
Microsoft Visual Studio Solution File, Format Version 12.00
# Visual Studio Version 16
VisualStudioVersion = 16.0.29613.14
MinimumVisualStudioVersion = 10.0.40219.1
Project("{FAE04EC0-301F-11D3-BF4B-00C04F79EFBC}") = "Lab2.3KS", "Lab2.3KS\Lab2.3KS.csproj", "{0F0F47D8-0302-4494-A21C-C06DB2417199}"
EndProject
Global
	GlobalSection(SolutionConfigurationPlatforms) = preSolution
		Debug|Any CPU = Debug|Any CPU
		Release|Any CPU = Release|Any CPU
	EndGlobalSection
	GlobalSection(ProjectConfigurationPlatforms) = postSolution
		{0F0F47D8-0302-4494-A21C-C06DB2417199}.Debug|Any CPU.ActiveCfg = Debug|Any CPU
		{0F0F47D8-0302-4494-A21C-C06DB2417199}.Debug|Any CPU.Build.0 = Debug|Any CPU
		{0F0F47D8-0302-4494-A21C-C06DB2417199}.Release|Any CPU.ActiveCfg = Release|Any CPU
		{0F0F47D8-0302-4494-A21C-C06DB2417199}.Release|Any CPU.Build.0 = Release|Any CPU
	EndGlobalSection
	GlobalSection(SolutionProperties) = preSolution
		HideSolutionNode = FALSE
	EndGlobalSection
	GlobalSection(ExtensibilityGlobals) = postSolution
		SolutionGuid = {227BD9C9-19B2-4BB5-ABC4-FB60C6C2D712}
	EndGlobalSection
EndGlobal
